
Microsoft Visual Studio Solution File, Format Version 12.00
# Visual Studio Version 17
VisualStudioVersion = 17.4.33213.308
MinimumVisualStudioVersion = 10.0.40219.1
Project("{FAE04EC0-301F-11D3-BF4B-00C04F79EFBC}") = "Universidad", "Universidad\Universidad.csproj", "{3B1C65E5-2621-4F4B-A8E6-36FC1A21C519}"
EndProject
Global
	GlobalSection(SolutionConfigurationPlatforms) = preSolution
		Debug|Any CPU = Debug|Any CPU
		Release|Any CPU = Release|Any CPU
	EndGlobalSection
	GlobalSection(ProjectConfigurationPlatforms) = postSolution
		{3B1C65E5-2621-4F4B-A8E6-36FC1A21C519}.Debug|Any CPU.ActiveCfg = Debug|Any CPU
		{3B1C65E5-2621-4F4B-A8E6-36FC1A21C519}.Debug|Any CPU.Build.0 = Debug|Any CPU
		{3B1C65E5-2621-4F4B-A8E6-36FC1A21C519}.Release|Any CPU.ActiveCfg = Release|Any CPU
		{3B1C65E5-2621-4F4B-A8E6-36FC1A21C519}.Release|Any CPU.Build.0 = Release|Any CPU
	EndGlobalSection
	GlobalSection(SolutionProperties) = preSolution
		HideSolutionNode = FALSE
	EndGlobalSection
	GlobalSection(ExtensibilityGlobals) = postSolution
		SolutionGuid = {6D8814BF-CDD0-4069-AE52-DE797A7CE559}
	EndGlobalSection
EndGlobal
